
Microsoft Visual Studio Solution File, Format Version 12.00
Project("{FAE04EC0-301F-11D3-BF4B-00C04F79EFBC}") = "ConsolePrograms", "ConsolePrograms\ConsolePrograms.csproj", "{D9212B1C-AC3C-4839-8F52-3C729DF83CA5}"
EndProject
Project("{FAE04EC0-301F-11D3-BF4B-00C04F79EFBC}") = "OOP", "OOP\OOP.csproj", "{B6E0EAE6-8EBB-4B30-9EAD-4C129E54BB4E}"
EndProject
Project("{FAE04EC0-301F-11D3-BF4B-00C04F79EFBC}") = "Collections", "Collections\Collections.csproj", "{D319A1A5-6EB2-4FA1-91F3-548CE3B5C4E3}"
EndProject
Project("{FAE04EC0-301F-11D3-BF4B-00C04F79EFBC}") = "Reflection", "Reflection\Reflection.csproj", "{EA8B95CD-FD5E-4062-8CBD-6817DFCED1BC}"
EndProject
Project("{FAE04EC0-301F-11D3-BF4B-00C04F79EFBC}") = "RedefiningOperators", "RedefiningOperators\RedefiningOperators.csproj", "{612D67B3-99D0-472C-891D-63FE5DC16BFB}"
EndProject
Project("{FAE04EC0-301F-11D3-BF4B-00C04F79EFBC}") = "GitHubApiClient", "GitHubApiClient\GitHubApiClient.csproj", "{3FB38817-5401-43C1-8FDB-FC90BE3B10EE}"
EndProject
Project("{FAE04EC0-301F-11D3-BF4B-00C04F79EFBC}") = "Log", "Log\Log.csproj", "{BF8E7813-CD21-466D-83E7-5FB14295140D}"
EndProject
Project("{FAE04EC0-301F-11D3-BF4B-00C04F79EFBC}") = "Helpers", "Helpers\Helpers.csproj", "{DF6EAA08-A239-4F23-89BC-01AE73EAC38F}"
EndProject
Project("{FAE04EC0-301F-11D3-BF4B-00C04F79EFBC}") = "WebGitHubApplication", "WebGitHubApplication\WebGitHubApplication.csproj", "{E78CC50A-C2C9-4F13-8E28-1CE0F685151F}"
EndProject
Project("{FAE04EC0-301F-11D3-BF4B-00C04F79EFBC}") = "log4net.Appender", "log4net.Appender\log4net.Appender.csproj", "{A7E13820-1609-4780-BF7F-3CEB7DDA8152}"
EndProject
Project("{FAE04EC0-301F-11D3-BF4B-00C04F79EFBC}") = "DatabaseTests", "DatabaseTests\DatabaseTests.csproj", "{9AC45A26-84F6-4761-8476-44BE6CCB2376}"
EndProject
Project("{FAE04EC0-301F-11D3-BF4B-00C04F79EFBC}") = "ListRepositories", "ListRepositories\ListRepositories.csproj", "{75481DBD-0734-4B50-835C-01C1608E54B0}"
EndProject
Project("{FAE04EC0-301F-11D3-BF4B-00C04F79EFBC}") = "ServiceListRepositories", "ServiceListRepositories\ServiceListRepositories.csproj", "{2FB6F472-CF45-4F23-8FA4-2C46EE984C21}"
EndProject
Global
	GlobalSection(SolutionConfigurationPlatforms) = preSolution
		Debug|Any CPU = Debug|Any CPU
		Release|Any CPU = Release|Any CPU
	EndGlobalSection
	GlobalSection(ProjectConfigurationPlatforms) = postSolution
		{D9212B1C-AC3C-4839-8F52-3C729DF83CA5}.Debug|Any CPU.ActiveCfg = Debug|Any CPU
		{D9212B1C-AC3C-4839-8F52-3C729DF83CA5}.Debug|Any CPU.Build.0 = Debug|Any CPU
		{D9212B1C-AC3C-4839-8F52-3C729DF83CA5}.Release|Any CPU.ActiveCfg = Release|Any CPU
		{D9212B1C-AC3C-4839-8F52-3C729DF83CA5}.Release|Any CPU.Build.0 = Release|Any CPU
		{B6E0EAE6-8EBB-4B30-9EAD-4C129E54BB4E}.Debug|Any CPU.ActiveCfg = Debug|Any CPU
		{B6E0EAE6-8EBB-4B30-9EAD-4C129E54BB4E}.Debug|Any CPU.Build.0 = Debug|Any CPU
		{B6E0EAE6-8EBB-4B30-9EAD-4C129E54BB4E}.Release|Any CPU.ActiveCfg = Release|Any CPU
		{B6E0EAE6-8EBB-4B30-9EAD-4C129E54BB4E}.Release|Any CPU.Build.0 = Release|Any CPU
		{D319A1A5-6EB2-4FA1-91F3-548CE3B5C4E3}.Debug|Any CPU.ActiveCfg = Debug|Any CPU
		{D319A1A5-6EB2-4FA1-91F3-548CE3B5C4E3}.Debug|Any CPU.Build.0 = Debug|Any CPU
		{D319A1A5-6EB2-4FA1-91F3-548CE3B5C4E3}.Release|Any CPU.ActiveCfg = Release|Any CPU
		{D319A1A5-6EB2-4FA1-91F3-548CE3B5C4E3}.Release|Any CPU.Build.0 = Release|Any CPU
		{EA8B95CD-FD5E-4062-8CBD-6817DFCED1BC}.Debug|Any CPU.ActiveCfg = Debug|Any CPU
		{EA8B95CD-FD5E-4062-8CBD-6817DFCED1BC}.Debug|Any CPU.Build.0 = Debug|Any CPU
		{EA8B95CD-FD5E-4062-8CBD-6817DFCED1BC}.Release|Any CPU.ActiveCfg = Release|Any CPU
		{EA8B95CD-FD5E-4062-8CBD-6817DFCED1BC}.Release|Any CPU.Build.0 = Release|Any CPU
		{612D67B3-99D0-472C-891D-63FE5DC16BFB}.Debug|Any CPU.ActiveCfg = Debug|Any CPU
		{612D67B3-99D0-472C-891D-63FE5DC16BFB}.Debug|Any CPU.Build.0 = Debug|Any CPU
		{612D67B3-99D0-472C-891D-63FE5DC16BFB}.Release|Any CPU.ActiveCfg = Release|Any CPU
		{612D67B3-99D0-472C-891D-63FE5DC16BFB}.Release|Any CPU.Build.0 = Release|Any CPU
		{3FB38817-5401-43C1-8FDB-FC90BE3B10EE}.Debug|Any CPU.ActiveCfg = Debug|Any CPU
		{3FB38817-5401-43C1-8FDB-FC90BE3B10EE}.Debug|Any CPU.Build.0 = Debug|Any CPU
		{3FB38817-5401-43C1-8FDB-FC90BE3B10EE}.Release|Any CPU.ActiveCfg = Release|Any CPU
		{3FB38817-5401-43C1-8FDB-FC90BE3B10EE}.Release|Any CPU.Build.0 = Release|Any CPU
		{BF8E7813-CD21-466D-83E7-5FB14295140D}.Debug|Any CPU.ActiveCfg = Debug|Any CPU
		{BF8E7813-CD21-466D-83E7-5FB14295140D}.Debug|Any CPU.Build.0 = Debug|Any CPU
		{BF8E7813-CD21-466D-83E7-5FB14295140D}.Release|Any CPU.ActiveCfg = Release|Any CPU
		{BF8E7813-CD21-466D-83E7-5FB14295140D}.Release|Any CPU.Build.0 = Release|Any CPU
		{DF6EAA08-A239-4F23-89BC-01AE73EAC38F}.Debug|Any CPU.ActiveCfg = Debug|Any CPU
		{DF6EAA08-A239-4F23-89BC-01AE73EAC38F}.Debug|Any CPU.Build.0 = Debug|Any CPU
		{DF6EAA08-A239-4F23-89BC-01AE73EAC38F}.Release|Any CPU.ActiveCfg = Release|Any CPU
		{DF6EAA08-A239-4F23-89BC-01AE73EAC38F}.Release|Any CPU.Build.0 = Release|Any CPU
		{E78CC50A-C2C9-4F13-8E28-1CE0F685151F}.Debug|Any CPU.ActiveCfg = Debug|Any CPU
		{E78CC50A-C2C9-4F13-8E28-1CE0F685151F}.Debug|Any CPU.Build.0 = Debug|Any CPU
		{E78CC50A-C2C9-4F13-8E28-1CE0F685151F}.Release|Any CPU.ActiveCfg = Release|Any CPU
		{E78CC50A-C2C9-4F13-8E28-1CE0F685151F}.Release|Any CPU.Build.0 = Release|Any CPU
		{A7E13820-1609-4780-BF7F-3CEB7DDA8152}.Debug|Any CPU.ActiveCfg = Debug|Any CPU
		{A7E13820-1609-4780-BF7F-3CEB7DDA8152}.Debug|Any CPU.Build.0 = Debug|Any CPU
		{A7E13820-1609-4780-BF7F-3CEB7DDA8152}.Release|Any CPU.ActiveCfg = Release|Any CPU
		{A7E13820-1609-4780-BF7F-3CEB7DDA8152}.Release|Any CPU.Build.0 = Release|Any CPU
		{9AC45A26-84F6-4761-8476-44BE6CCB2376}.Debug|Any CPU.ActiveCfg = Debug|Any CPU
		{9AC45A26-84F6-4761-8476-44BE6CCB2376}.Debug|Any CPU.Build.0 = Debug|Any CPU
		{9AC45A26-84F6-4761-8476-44BE6CCB2376}.Release|Any CPU.ActiveCfg = Release|Any CPU
		{9AC45A26-84F6-4761-8476-44BE6CCB2376}.Release|Any CPU.Build.0 = Release|Any CPU
		{75481DBD-0734-4B50-835C-01C1608E54B0}.Debug|Any CPU.ActiveCfg = Debug|Any CPU
		{75481DBD-0734-4B50-835C-01C1608E54B0}.Debug|Any CPU.Build.0 = Debug|Any CPU
		{75481DBD-0734-4B50-835C-01C1608E54B0}.Release|Any CPU.ActiveCfg = Release|Any CPU
		{75481DBD-0734-4B50-835C-01C1608E54B0}.Release|Any CPU.Build.0 = Release|Any CPU
		{2FB6F472-CF45-4F23-8FA4-2C46EE984C21}.Debug|Any CPU.ActiveCfg = Debug|Any CPU
		{2FB6F472-CF45-4F23-8FA4-2C46EE984C21}.Debug|Any CPU.Build.0 = Debug|Any CPU
		{2FB6F472-CF45-4F23-8FA4-2C46EE984C21}.Release|Any CPU.ActiveCfg = Release|Any CPU
		{2FB6F472-CF45-4F23-8FA4-2C46EE984C21}.Release|Any CPU.Build.0 = Release|Any CPU
	EndGlobalSection
EndGlobal
